
Microsoft Visual Studio Solution File, Format Version 12.00
# Visual Studio Version 17
VisualStudioVersion = 17.4.33205.214
MinimumVisualStudioVersion = 10.0.40219.1
Project("{FAE04EC0-301F-11D3-BF4B-00C04F79EFBC}") = "Calculator", "Calculator\Calculator.csproj", "{80FAC0AF-2764-42D7-9CCD-DEFE811B4F04}"
EndProject
Project("{FAE04EC0-301F-11D3-BF4B-00C04F79EFBC}") = "UnitTests", "CalculatorUnitTests\UnitTests.csproj", "{AC516C46-4583-444A-BAB9-F32D341662F6}"
EndProject
Project("{FAE04EC0-301F-11D3-BF4B-00C04F79EFBC}") = "SeleniumTestsWithoutPOM", "SeleniumTestsWithoutPOM\SeleniumTestsWithoutPOM.csproj", "{393F0A51-330C-4E24-9738-5233A771EA7C}"
EndProject
Project("{FAE04EC0-301F-11D3-BF4B-00C04F79EFBC}") = "SeleniumFramework", "SeleniumFramework\SeleniumFramework.csproj", "{2665B317-C4F2-4ED0-81E7-B51D3FD7DF71}"
EndProject
Project("{FAE04EC0-301F-11D3-BF4B-00C04F79EFBC}") = "SeleniumTests", "SeleniumTests\SeleniumTests.csproj", "{372ED505-70DE-4C64-8486-82822ECD4E8A}"
EndProject
Global
	GlobalSection(SolutionConfigurationPlatforms) = preSolution
		Debug|Any CPU = Debug|Any CPU
		Release|Any CPU = Release|Any CPU
	EndGlobalSection
	GlobalSection(ProjectConfigurationPlatforms) = postSolution
		{80FAC0AF-2764-42D7-9CCD-DEFE811B4F04}.Debug|Any CPU.ActiveCfg = Debug|Any CPU
		{80FAC0AF-2764-42D7-9CCD-DEFE811B4F04}.Debug|Any CPU.Build.0 = Debug|Any CPU
		{80FAC0AF-2764-42D7-9CCD-DEFE811B4F04}.Release|Any CPU.ActiveCfg = Release|Any CPU
		{80FAC0AF-2764-42D7-9CCD-DEFE811B4F04}.Release|Any CPU.Build.0 = Release|Any CPU
		{AC516C46-4583-444A-BAB9-F32D341662F6}.Debug|Any CPU.ActiveCfg = Debug|Any CPU
		{AC516C46-4583-444A-BAB9-F32D341662F6}.Debug|Any CPU.Build.0 = Debug|Any CPU
		{AC516C46-4583-444A-BAB9-F32D341662F6}.Release|Any CPU.ActiveCfg = Release|Any CPU
		{AC516C46-4583-444A-BAB9-F32D341662F6}.Release|Any CPU.Build.0 = Release|Any CPU
		{393F0A51-330C-4E24-9738-5233A771EA7C}.Debug|Any CPU.ActiveCfg = Debug|Any CPU
		{393F0A51-330C-4E24-9738-5233A771EA7C}.Debug|Any CPU.Build.0 = Debug|Any CPU
		{393F0A51-330C-4E24-9738-5233A771EA7C}.Release|Any CPU.ActiveCfg = Release|Any CPU
		{393F0A51-330C-4E24-9738-5233A771EA7C}.Release|Any CPU.Build.0 = Release|Any CPU
		{2665B317-C4F2-4ED0-81E7-B51D3FD7DF71}.Debug|Any CPU.ActiveCfg = Debug|Any CPU
		{2665B317-C4F2-4ED0-81E7-B51D3FD7DF71}.Debug|Any CPU.Build.0 = Debug|Any CPU
		{2665B317-C4F2-4ED0-81E7-B51D3FD7DF71}.Release|Any CPU.ActiveCfg = Release|Any CPU
		{2665B317-C4F2-4ED0-81E7-B51D3FD7DF71}.Release|Any CPU.Build.0 = Release|Any CPU
		{372ED505-70DE-4C64-8486-82822ECD4E8A}.Debug|Any CPU.ActiveCfg = Debug|Any CPU
		{372ED505-70DE-4C64-8486-82822ECD4E8A}.Debug|Any CPU.Build.0 = Debug|Any CPU
		{372ED505-70DE-4C64-8486-82822ECD4E8A}.Release|Any CPU.ActiveCfg = Release|Any CPU
		{372ED505-70DE-4C64-8486-82822ECD4E8A}.Release|Any CPU.Build.0 = Release|Any CPU
	EndGlobalSection
	GlobalSection(SolutionProperties) = preSolution
		HideSolutionNode = FALSE
	EndGlobalSection
	GlobalSection(ExtensibilityGlobals) = postSolution
		SolutionGuid = {A554F6B6-D32A-46DE-8AA8-093A7F0A1AF8}
	EndGlobalSection
EndGlobal
